{
  "name": "vertx-rest-storage-editor",
  "version": "1.3.0",
  "dependencies": {
    "ace-builds": {
      "version": "1.2.5",
      "from": "ace-builds@1.2.5",
      "resolved": "https://registry.npmjs.org/ace-builds/-/ace-builds-1.2.5.tgz"
    },
    "bootstrap": {
      "version": "3.3.7",
      "from": "bootstrap@3.3.7",
      "resolved": "https://registry.npmjs.org/bootstrap/-/bootstrap-3.3.7.tgz"
    },
    "bootstrap3-dialog": {
      "version": "1.35.3",
      "from": "bootstrap3-dialog@1.35.3",
      "resolved": "https://registry.npmjs.org/bootstrap3-dialog/-/bootstrap3-dialog-1.35.3.tgz"
    },
    "font-awesome": {
      "version": "4.7.0",
      "from": "font-awesome@4.7.0",
      "resolved": "https://registry.npmjs.org/font-awesome/-/font-awesome-4.7.0.tgz"
    },
    "jquery": {
      "version": "2.2.4",
      "from": "jquery@2.2.4",
      "resolved": "https://registry.npmjs.org/jquery/-/jquery-2.2.4.tgz"
    },
    "jquery-mockjax": {
      "version": "2.2.1",
      "from": "jquery-mockjax@2.2.1",
      "resolved": "https://registry.npmjs.org/jquery-mockjax/-/jquery-mockjax-2.2.1.tgz"
    },
    "jquery.cookie": {
      "version": "1.4.1",
      "from": "jquery.cookie@1.4.1",
      "resolved": "https://registry.npmjs.org/jquery.cookie/-/jquery.cookie-1.4.1.tgz"
    },
    "jstree": {
      "version": "3.3.3",
      "from": "jstree@3.3.3",
      "resolved": "https://registry.npmjs.org/jstree/-/jstree-3.3.3.tgz"
    },
    "tv4": {
      "version": "1.2.7",
      "from": "tv4@1.2.7",
      "resolved": "https://registry.npmjs.org/tv4/-/tv4-1.2.7.tgz"
    }
  }
}
